
Microsoft Visual Studio Solution File, Format Version 11.00
# Visual Studio 2010
# SharpDevelop 4.3
Project("{FAE04EC0-301F-11D3-BF4B-00C04F79EFBC}") = "Project List Unity Manager", "Project List Unity Manager\Project List Unity Manager.csproj", "{0B04FA4B-1103-4BEF-848F-30798817C83D}"
EndProject
Global
	GlobalSection(SolutionConfigurationPlatforms) = preSolution
		Debug|Any CPU = Debug|Any CPU
		Release|Any CPU = Release|Any CPU
	EndGlobalSection
	GlobalSection(ProjectConfigurationPlatforms) = postSolution
		{0B04FA4B-1103-4BEF-848F-30798817C83D}.Debug|Any CPU.Build.0 = Debug|Any CPU
		{0B04FA4B-1103-4BEF-848F-30798817C83D}.Debug|Any CPU.ActiveCfg = Debug|Any CPU
		{0B04FA4B-1103-4BEF-848F-30798817C83D}.Release|Any CPU.Build.0 = Release|Any CPU
		{0B04FA4B-1103-4BEF-848F-30798817C83D}.Release|Any CPU.ActiveCfg = Release|Any CPU
	EndGlobalSection
EndGlobal
